// !$*UTF8*$!
{
	archiveVersion = 1;
	classes = {
	};
	objectVersion = 55;
	objects = {

/* Begin PBXBuildFile section */
		977CA8E5291ED4CC00011787 /* LandmarksApp.swift in Sources */ = {isa = PBXBuildFile; fileRef = 977CA8E4291ED4CC00011787 /* LandmarksApp.swift */; };
		977CA8E7291ED4CC00011787 /* ContentView.swift in Sources */ = {isa = PBXBuildFile; fileRef = 977CA8E6291ED4CC00011787 /* ContentView.swift */; };
		977CA8E9291ED4CE00011787 /* Assets.xcassets in Resources */ = {isa = PBXBuildFile; fileRef = 977CA8E8291ED4CE00011787 /* Assets.xcassets */; };
		977CA8EC291ED4CE00011787 /* Preview Assets.xcassets in Resources */ = {isa = PBXBuildFile; fileRef = 977CA8EB291ED4CE00011787 /* Preview Assets.xcassets */; };
		977CA8F6291ED4CF00011787 /* LandmarksTests.swift in Sources */ = {isa = PBXBuildFile; fileRef = 977CA8F5291ED4CF00011787 /* LandmarksTests.swift */; };
		977CA900291ED4CF00011787 /* LandmarksUITests.swift in Sources */ = {isa = PBXBuildFile; fileRef = 977CA8FF291ED4CF00011787 /* LandmarksUITests.swift */; };
		977CA902291ED4CF00011787 /* LandmarksUITestsLaunchTests.swift in Sources */ = {isa = PBXBuildFile; fileRef = 977CA901291ED4CF00011787 /* LandmarksUITestsLaunchTests.swift */; };
		977CA911291EDB8500011787 /* CircleImage.swift in Sources */ = {isa = PBXBuildFile; fileRef = 977CA910291EDB8500011787 /* CircleImage.swift */; };
		977CA913291EDD6900011787 /* MapView.swift in Sources */ = {isa = PBXBuildFile; fileRef = 977CA912291EDD6900011787 /* MapView.swift */; };
		977CA915291EE9A500011787 /* landmarkData.json in Resources */ = {isa = PBXBuildFile; fileRef = 977CA914291EE9A500011787 /* landmarkData.json */; };
		977CA917291EE9C600011787 /* Landmark.swift in Sources */ = {isa = PBXBuildFile; fileRef = 977CA916291EE9C600011787 /* Landmark.swift */; };
		977CA919291EED3800011787 /* ModelData.swift in Sources */ = {isa = PBXBuildFile; fileRef = 977CA918291EED3800011787 /* ModelData.swift */; };
		977CA91F291EEE5600011787 /* LandmarkRow.swift in Sources */ = {isa = PBXBuildFile; fileRef = 977CA91E291EEE5600011787 /* LandmarkRow.swift */; };
		977CA921291EF00F00011787 /* LandmarkList.swift in Sources */ = {isa = PBXBuildFile; fileRef = 977CA920291EF00F00011787 /* LandmarkList.swift */; };
		977CA925291EF1E300011787 /* LandmarkDetail.swift in Sources */ = {isa = PBXBuildFile; fileRef = 977CA924291EF1E300011787 /* LandmarkDetail.swift */; };
		B47FBBE42921359400B86E71 /* FavoriteButton.swift in Sources */ = {isa = PBXBuildFile; fileRef = B47FBBE32921359400B86E71 /* FavoriteButton.swift */; };
		B4F2F6FA2922E6AB00164BF9 /* CategoryHome.swift in Sources */ = {isa = PBXBuildFile; fileRef = B4F2F6F92922E6AB00164BF9 /* CategoryHome.swift */; };
		B4F2F6FC2922F41700164BF9 /* CategoryRow.swift in Sources */ = {isa = PBXBuildFile; fileRef = B4F2F6FB2922F41700164BF9 /* CategoryRow.swift */; };
		B4F2F6FE2922F63A00164BF9 /* CategoryItem.swift in Sources */ = {isa = PBXBuildFile; fileRef = B4F2F6FD2922F63A00164BF9 /* CategoryItem.swift */; };
/* End PBXBuildFile section */

/* Begin PBXContainerItemProxy section */
		977CA8F2291ED4CF00011787 /* PBXContainerItemProxy */ = {
			isa = PBXContainerItemProxy;
			containerPortal = 977CA8D9291ED4CC00011787 /* Project object */;
			proxyType = 1;
			remoteGlobalIDString = 977CA8E0291ED4CC00011787;
			remoteInfo = Landmarks;
		};
		977CA8FC291ED4CF00011787 /* PBXContainerItemProxy */ = {
			isa = PBXContainerItemProxy;
			containerPortal = 977CA8D9291ED4CC00011787 /* Project object */;
			proxyType = 1;
			remoteGlobalIDString = 977CA8E0291ED4CC00011787;
			remoteInfo = Landmarks;
		};
/* End PBXContainerItemProxy section */

/* Begin PBXFileReference section */
		977CA8E1291ED4CC00011787 /* Landmarks.app */ = {isa = PBXFileReference; explicitFileType = wrapper.application; includeInIndex = 0; path = Landmarks.app; sourceTree = BUILT_PRODUCTS_DIR; };
		977CA8E4291ED4CC00011787 /* LandmarksApp.swift */ = {isa = PBXFileReference; lastKnownFileType = sourcecode.swift; path = LandmarksApp.swift; sourceTree = "<group>"; };
		977CA8E6291ED4CC00011787 /* ContentView.swift */ = {isa = PBXFileReference; lastKnownFileType = sourcecode.swift; path = ContentView.swift; sourceTree = "<group>"; };
		977CA8E8291ED4CE00011787 /* Assets.xcassets */ = {isa = PBXFileReference; lastKnownFileType = folder.assetcatalog; path = Assets.xcassets; sourceTree = "<group>"; };
		977CA8EB291ED4CE00011787 /* Preview Assets.xcassets */ = {isa = PBXFileReference; lastKnownFileType = folder.assetcatalog; path = "Preview Assets.xcassets"; sourceTree = "<group>"; };
		977CA8F1291ED4CF00011787 /* LandmarksTests.xctest */ = {isa = PBXFileReference; explicitFileType = wrapper.cfbundle; includeInIndex = 0; path = LandmarksTests.xctest; sourceTree = BUILT_PRODUCTS_DIR; };
		977CA8F5291ED4CF00011787 /* LandmarksTests.swift */ = {isa = PBXFileReference; lastKnownFileType = sourcecode.swift; path = LandmarksTests.swift; sourceTree = "<group>"; };
		977CA8FB291ED4CF00011787 /* LandmarksUITests.xctest */ = {isa = PBXFileReference; explicitFileType = wrapper.cfbundle; includeInIndex = 0; path = LandmarksUITests.xctest; sourceTree = BUILT_PRODUCTS_DIR; };
		977CA8FF291ED4CF00011787 /* LandmarksUITests.swift */ = {isa = PBXFileReference; lastKnownFileType = sourcecode.swift; path = LandmarksUITests.swift; sourceTree = "<group>"; };
		977CA901291ED4CF00011787 /* LandmarksUITestsLaunchTests.swift */ = {isa = PBXFileReference; lastKnownFileType = sourcecode.swift; path = LandmarksUITestsLaunchTests.swift; sourceTree = "<group>"; };
		977CA910291EDB8500011787 /* CircleImage.swift */ = {isa = PBXFileReference; lastKnownFileType = sourcecode.swift; path = CircleImage.swift; sourceTree = "<group>"; };
		977CA912291EDD6900011787 /* MapView.swift */ = {isa = PBXFileReference; lastKnownFileType = sourcecode.swift; path = MapView.swift; sourceTree = "<group>"; };
		977CA914291EE9A500011787 /* landmarkData.json */ = {isa = PBXFileReference; fileEncoding = 4; lastKnownFileType = text.json; path = landmarkData.json; sourceTree = "<group>"; };
		977CA916291EE9C600011787 /* Landmark.swift */ = {isa = PBXFileReference; lastKnownFileType = sourcecode.swift; path = Landmark.swift; sourceTree = "<group>"; };
		977CA918291EED3800011787 /* ModelData.swift */ = {isa = PBXFileReference; lastKnownFileType = sourcecode.swift; path = ModelData.swift; sourceTree = "<group>"; };
		977CA91E291EEE5600011787 /* LandmarkRow.swift */ = {isa = PBXFileReference; lastKnownFileType = sourcecode.swift; path = LandmarkRow.swift; sourceTree = "<group>"; };
		977CA920291EF00F00011787 /* LandmarkList.swift */ = {isa = PBXFileReference; lastKnownFileType = sourcecode.swift; path = LandmarkList.swift; sourceTree = "<group>"; };
		977CA924291EF1E300011787 /* LandmarkDetail.swift */ = {isa = PBXFileReference; lastKnownFileType = sourcecode.swift; path = LandmarkDetail.swift; sourceTree = "<group>"; };
		B47FBBE32921359400B86E71 /* FavoriteButton.swift */ = {isa = PBXFileReference; lastKnownFileType = sourcecode.swift; path = FavoriteButton.swift; sourceTree = "<group>"; };
		B4F2F6F92922E6AB00164BF9 /* CategoryHome.swift */ = {isa = PBXFileReference; lastKnownFileType = sourcecode.swift; path = CategoryHome.swift; sourceTree = "<group>"; };
		B4F2F6FB2922F41700164BF9 /* CategoryRow.swift */ = {isa = PBXFileReference; lastKnownFileType = sourcecode.swift; path = CategoryRow.swift; sourceTree = "<group>"; };
		B4F2F6FD2922F63A00164BF9 /* CategoryItem.swift */ = {isa = PBXFileReference; lastKnownFileType = sourcecode.swift; path = CategoryItem.swift; sourceTree = "<group>"; };
/* End PBXFileReference section */

/* Begin PBXFrameworksBuildPhase section */
		977CA8DE291ED4CC00011787 /* Frameworks */ = {
			isa = PBXFrameworksBuildPhase;
			buildActionMask = 2147483647;
			files = (
			);
			runOnlyForDeploymentPostprocessing = 0;
		};
		977CA8EE291ED4CF00011787 /* Frameworks */ = {
			isa = PBXFrameworksBuildPhase;
			buildActionMask = 2147483647;
			files = (
			);
			runOnlyForDeploymentPostprocessing = 0;
		};
		977CA8F8291ED4CF00011787 /* Frameworks */ = {
			isa = PBXFrameworksBuildPhase;
			buildActionMask = 2147483647;
			files = (
			);
			runOnlyForDeploymentPostprocessing = 0;
		};
/* End PBXFrameworksBuildPhase section */

/* Begin PBXGroup section */
		977CA8D8291ED4CC00011787 = {
			isa = PBXGroup;
			children = (
				977CA8E3291ED4CC00011787 /* Landmarks */,
				977CA8F4291ED4CF00011787 /* LandmarksTests */,
				977CA8FE291ED4CF00011787 /* LandmarksUITests */,
				977CA8E2291ED4CC00011787 /* Products */,
			);
			sourceTree = "<group>";
		};
		977CA8E2291ED4CC00011787 /* Products */ = {
			isa = PBXGroup;
			children = (
				977CA8E1291ED4CC00011787 /* Landmarks.app */,
				977CA8F1291ED4CF00011787 /* LandmarksTests.xctest */,
				977CA8FB291ED4CF00011787 /* LandmarksUITests.xctest */,
			);
			name = Products;
			sourceTree = "<group>";
		};
		977CA8E3291ED4CC00011787 /* Landmarks */ = {
			isa = PBXGroup;
			children = (
				977CA91D291EEE1100011787 /* Resources */,
				977CA91C291EEDFA00011787 /* Model */,
				977CA91B291EEDC300011787 /* Views */,
				977CA8E4291ED4CC00011787 /* LandmarksApp.swift */,
				977CA8E8291ED4CE00011787 /* Assets.xcassets */,
				977CA8EA291ED4CE00011787 /* Preview Content */,
			);
			path = Landmarks;
			sourceTree = "<group>";
		};
		977CA8EA291ED4CE00011787 /* Preview Content */ = {
			isa = PBXGroup;
			children = (
				977CA8EB291ED4CE00011787 /* Preview Assets.xcassets */,
			);
			path = "Preview Content";
			sourceTree = "<group>";
		};
		977CA8F4291ED4CF00011787 /* LandmarksTests */ = {
			isa = PBXGroup;
			children = (
				977CA8F5291ED4CF00011787 /* LandmarksTests.swift */,
			);
			path = LandmarksTests;
			sourceTree = "<group>";
		};
		977CA8FE291ED4CF00011787 /* LandmarksUITests */ = {
			isa = PBXGroup;
			children = (
				977CA8FF291ED4CF00011787 /* LandmarksUITests.swift */,
				977CA901291ED4CF00011787 /* LandmarksUITestsLaunchTests.swift */,
			);
			path = LandmarksUITests;
			sourceTree = "<group>";
		};
		977CA91B291EEDC300011787 /* Views */ = {
			isa = PBXGroup;
			children = (
				B4F2F6F82922E68C00164BF9 /* Categories */,
				B4F7D37A292178E8004E2072 /* Landmarks */,
				B4F7D379292178D2004E2072 /* Helpers */,
				977CA8E6291ED4CC00011787 /* ContentView.swift */,
			);
			path = Views;
			sourceTree = "<group>";
		};
		977CA91C291EEDFA00011787 /* Model */ = {
			isa = PBXGroup;
			children = (
				977CA916291EE9C600011787 /* Landmark.swift */,
				977CA918291EED3800011787 /* ModelData.swift */,
			);
			path = Model;
			sourceTree = "<group>";
		};
		977CA91D291EEE1100011787 /* Resources */ = {
			isa = PBXGroup;
			children = (
				977CA914291EE9A500011787 /* landmarkData.json */,
			);
			path = Resources;
			sourceTree = "<group>";
		};
		B4F2F6F82922E68C00164BF9 /* Categories */ = {
			isa = PBXGroup;
			children = (
				B4F2F6F92922E6AB00164BF9 /* CategoryHome.swift */,
				B4F2F6FB2922F41700164BF9 /* CategoryRow.swift */,
				B4F2F6FD2922F63A00164BF9 /* CategoryItem.swift */,
			);
			path = Categories;
			sourceTree = "<group>";
		};
		B4F7D379292178D2004E2072 /* Helpers */ = {
			isa = PBXGroup;
			children = (
				977CA910291EDB8500011787 /* CircleImage.swift */,
				977CA912291EDD6900011787 /* MapView.swift */,
				B47FBBE32921359400B86E71 /* FavoriteButton.swift */,
			);
			path = Helpers;
			sourceTree = "<group>";
		};
		B4F7D37A292178E8004E2072 /* Landmarks */ = {
			isa = PBXGroup;
			children = (
				977CA91E291EEE5600011787 /* LandmarkRow.swift */,
				977CA920291EF00F00011787 /* LandmarkList.swift */,
				977CA924291EF1E300011787 /* LandmarkDetail.swift */,
			);
			path = Landmarks;
			sourceTree = "<group>";
		};
/* End PBXGroup section */

/* Begin PBXNativeTarget section */
		977CA8E0291ED4CC00011787 /* Landmarks */ = {
			isa = PBXNativeTarget;
			buildConfigurationList = 977CA905291ED4CF00011787 /* Build configuration list for PBXNativeTarget "Landmarks" */;
			buildPhases = (
				977CA8DD291ED4CC00011787 /* Sources */,
				977CA8DE291ED4CC00011787 /* Frameworks */,
				977CA8DF291ED4CC00011787 /* Resources */,
			);
			buildRules = (
			);
			dependencies = (
			);
			name = Landmarks;
			productName = Landmarks;
			productReference = 977CA8E1291ED4CC00011787 /* Landmarks.app */;
			productType = "com.apple.product-type.application";
		};
		977CA8F0291ED4CF00011787 /* LandmarksTests */ = {
			isa = PBXNativeTarget;
			buildConfigurationList = 977CA908291ED4CF00011787 /* Build configuration list for PBXNativeTarget "LandmarksTests" */;
			buildPhases = (
				977CA8ED291ED4CF00011787 /* Sources */,
				977CA8EE291ED4CF00011787 /* Frameworks */,
				977CA8EF291ED4CF00011787 /* Resources */,
			);
			buildRules = (
			);
			dependencies = (
				977CA8F3291ED4CF00011787 /* PBXTargetDependency */,
			);
			name = LandmarksTests;
			productName = LandmarksTests;
			productReference = 977CA8F1291ED4CF00011787 /* LandmarksTests.xctest */;
			productType = "com.apple.product-type.bundle.unit-test";
		};
		977CA8FA291ED4CF00011787 /* LandmarksUITests */ = {
			isa = PBXNativeTarget;
			buildConfigurationList = 977CA90B291ED4CF00011787 /* Build configuration list for PBXNativeTarget "LandmarksUITests" */;
			buildPhases = (
				977CA8F7291ED4CF00011787 /* Sources */,
				977CA8F8291ED4CF00011787 /* Frameworks */,
				977CA8F9291ED4CF00011787 /* Resources */,
			);
			buildRules = (
			);
			dependencies = (
				977CA8FD291ED4CF00011787 /* PBXTargetDependency */,
			);
			name = LandmarksUITests;
			productName = LandmarksUITests;
			productReference = 977CA8FB291ED4CF00011787 /* LandmarksUITests.xctest */;
			productType = "com.apple.product-type.bundle.ui-testing";
		};
/* End PBXNativeTarget section */

/* Begin PBXProject section */
		977CA8D9291ED4CC00011787 /* Project object */ = {
			isa = PBXProject;
			attributes = {
				BuildIndependentTargetsInParallel = 1;
				LastSwiftUpdateCheck = 1340;
				LastUpgradeCheck = 1340;
				TargetAttributes = {
					977CA8E0291ED4CC00011787 = {
						CreatedOnToolsVersion = 13.4.1;
					};
					977CA8F0291ED4CF00011787 = {
						CreatedOnToolsVersion = 13.4.1;
						TestTargetID = 977CA8E0291ED4CC00011787;
					};
					977CA8FA291ED4CF00011787 = {
						CreatedOnToolsVersion = 13.4.1;
						TestTargetID = 977CA8E0291ED4CC00011787;
					};
				};
			};
			buildConfigurationList = 977CA8DC291ED4CC00011787 /* Build configuration list for PBXProject "Landmarks" */;
			compatibilityVersion = "Xcode 13.0";
			developmentRegion = en;
			hasScannedForEncodings = 0;
			knownRegions = (
				en,
				Base,
			);
			mainGroup = 977CA8D8291ED4CC00011787;
			productRefGroup = 977CA8E2291ED4CC00011787 /* Products */;
			projectDirPath = "";
			projectRoot = "";
			targets = (
				977CA8E0291ED4CC00011787 /* Landmarks */,
				977CA8F0291ED4CF00011787 /* LandmarksTests */,
				977CA8FA291ED4CF00011787 /* LandmarksUITests */,
			);
		};
/* End PBXProject section */

/* Begin PBXResourcesBuildPhase section */
		977CA8DF291ED4CC00011787 /* Resources */ = {
			isa = PBXResourcesBuildPhase;
			buildActionMask = 2147483647;
			files = (
				977CA8EC291ED4CE00011787 /* Preview Assets.xcassets in Resources */,
				977CA8E9291ED4CE00011787 /* Assets.xcassets in Resources */,
				977CA915291EE9A500011787 /* landmarkData.json in Resources */,
			);
			runOnlyForDeploymentPostprocessing = 0;
		};
		977CA8EF291ED4CF00011787 /* Resources */ = {
			isa = PBXResourcesBuildPhase;
			buildActionMask = 2147483647;
			files = (
			);
			runOnlyForDeploymentPostprocessing = 0;
		};
		977CA8F9291ED4CF00011787 /* Resources */ = {
			isa = PBXResourcesBuildPhase;
			buildActionMask = 2147483647;
			files = (
			);
			runOnlyForDeploymentPostprocessing = 0;
		};
/* End PBXResourcesBuildPhase section */

/* Begin PBXSourcesBuildPhase section */
		977CA8DD291ED4CC00011787 /* Sources */ = {
			isa = PBXSourcesBuildPhase;
			buildActionMask = 2147483647;
			files = (
				977CA8E7291ED4CC00011787 /* ContentView.swift in Sources */,
				977CA913291EDD6900011787 /* MapView.swift in Sources */,
				977CA8E5291ED4CC00011787 /* LandmarksApp.swift in Sources */,
				B47FBBE42921359400B86E71 /* FavoriteButton.swift in Sources */,
				B4F2F6FA2922E6AB00164BF9 /* CategoryHome.swift in Sources */,
				977CA921291EF00F00011787 /* LandmarkList.swift in Sources */,
				977CA925291EF1E300011787 /* LandmarkDetail.swift in Sources */,
				977CA911291EDB8500011787 /* CircleImage.swift in Sources */,
				977CA917291EE9C600011787 /* Landmark.swift in Sources */,
				B4F2F6FE2922F63A00164BF9 /* CategoryItem.swift in Sources */,
				977CA91F291EEE5600011787 /* LandmarkRow.swift in Sources */,
				B4F2F6FC2922F41700164BF9 /* CategoryRow.swift in Sources */,
				977CA919291EED3800011787 /* ModelData.swift in Sources */,
			);
			runOnlyForDeploymentPostprocessing = 0;
		};
		977CA8ED291ED4CF00011787 /* Sources */ = {
			isa = PBXSourcesBuildPhase;
			buildActionMask = 2147483647;
			files = (
				977CA8F6291ED4CF00011787 /* LandmarksTests.swift in Sources */,
			);
			runOnlyForDeploymentPostprocessing = 0;
		};
		977CA8F7291ED4CF00011787 /* Sources */ = {
			isa = PBXSourcesBuildPhase;
			buildActionMask = 2147483647;
			files = (
				977CA902291ED4CF00011787 /* LandmarksUITestsLaunchTests.swift in Sources */,
				977CA900291ED4CF00011787 /* LandmarksUITests.swift in Sources */,
			);
			runOnlyForDeploymentPostprocessing = 0;
		};
/* End PBXSourcesBuildPhase section */

/* Begin PBXTargetDependency section */
		977CA8F3291ED4CF00011787 /* PBXTargetDependency */ = {
			isa = PBXTargetDependency;
			target = 977CA8E0291ED4CC00011787 /* Landmarks */;
			targetProxy = 977CA8F2291ED4CF00011787 /* PBXContainerItemProxy */;
		};
		977CA8FD291ED4CF00011787 /* PBXTargetDependency */ = {
			isa = PBXTargetDependency;
			target = 977CA8E0291ED4CC00011787 /* Landmarks */;
			targetProxy = 977CA8FC291ED4CF00011787 /* PBXContainerItemProxy */;
		};
/* End PBXTargetDependency section */

/* Begin XCBuildConfiguration section */
		977CA903291ED4CF00011787 /* Debug */ = {
			isa = XCBuildConfiguration;
			buildSettings = {
				ALWAYS_SEARCH_USER_PATHS = NO;
				CLANG_ANALYZER_NONNULL = YES;
				CLANG_ANALYZER_NUMBER_OBJECT_CONVERSION = YES_AGGRESSIVE;
				CLANG_CXX_LANGUAGE_STANDARD = "gnu++17";
				CLANG_ENABLE_MODULES = YES;
				CLANG_ENABLE_OBJC_ARC = YES;
				CLANG_ENABLE_OBJC_WEAK = YES;
				CLANG_WARN_BLOCK_CAPTURE_AUTORELEASING = YES;
				CLANG_WARN_BOOL_CONVERSION = YES;
				CLANG_WARN_COMMA = YES;
				CLANG_WARN_CONSTANT_CONVERSION = YES;
				CLANG_WARN_DEPRECATED_OBJC_IMPLEMENTATIONS = YES;
				CLANG_WARN_DIRECT_OBJC_ISA_USAGE = YES_ERROR;
				CLANG_WARN_DOCUMENTATION_COMMENTS = YES;
				CLANG_WARN_EMPTY_BODY = YES;
				CLANG_WARN_ENUM_CONVERSION = YES;
				CLANG_WARN_INFINITE_RECURSION = YES;
				CLANG_WARN_INT_CONVERSION = YES;
				CLANG_WARN_NON_LITERAL_NULL_CONVERSION = YES;
				CLANG_WARN_OBJC_IMPLICIT_RETAIN_SELF = YES;
				CLANG_WARN_OBJC_LITERAL_CONVERSION = YES;
				CLANG_WARN_OBJC_ROOT_CLASS = YES_ERROR;
				CLANG_WARN_QUOTED_INCLUDE_IN_FRAMEWORK_HEADER = YES;
				CLANG_WARN_RANGE_LOOP_ANALYSIS = YES;
				CLANG_WARN_STRICT_PROTOTYPES = YES;
				CLANG_WARN_SUSPICIOUS_MOVE = YES;
				CLANG_WARN_UNGUARDED_AVAILABILITY = YES_AGGRESSIVE;
				CLANG_WARN_UNREACHABLE_CODE = YES;
				CLANG_WARN__DUPLICATE_METHOD_MATCH = YES;
				COPY_PHASE_STRIP = NO;
				DEBUG_INFORMATION_FORMAT = dwarf;
				ENABLE_STRICT_OBJC_MSGSEND = YES;
				ENABLE_TESTABILITY = YES;
				GCC_C_LANGUAGE_STANDARD = gnu11;
				GCC_DYNAMIC_NO_PIC = NO;
				GCC_NO_COMMON_BLOCKS = YES;
				GCC_OPTIMIZATION_LEVEL = 0;
				GCC_PREPROCESSOR_DEFINITIONS = (
					"DEBUG=1",
					"$(inherited)",
				);
				GCC_WARN_64_TO_32_BIT_CONVERSION = YES;
				GCC_WARN_ABOUT_RETURN_TYPE = YES_ERROR;
				GCC_WARN_UNDECLARED_SELECTOR = YES;
				GCC_WARN_UNINITIALIZED_AUTOS = YES_AGGRESSIVE;
				GCC_WARN_UNUSED_FUNCTION = YES;
				GCC_WARN_UNUSED_VARIABLE = YES;
				IPHONEOS_DEPLOYMENT_TARGET = 15.5;
				MTL_ENABLE_DEBUG_INFO = INCLUDE_SOURCE;
				MTL_FAST_MATH = YES;
				ONLY_ACTIVE_ARCH = YES;
				SDKROOT = iphoneos;
				SWIFT_ACTIVE_COMPILATION_CONDITIONS = DEBUG;
				SWIFT_OPTIMIZATION_LEVEL = "-Onone";
			};
			name = Debug;
		};
		977CA904291ED4CF00011787 /* Release */ = {
			isa = XCBuildConfiguration;
			buildSettings = {
				ALWAYS_SEARCH_USER_PATHS = NO;
				CLANG_ANALYZER_NONNULL = YES;
				CLANG_ANALYZER_NUMBER_OBJECT_CONVERSION = YES_AGGRESSIVE;
				CLANG_CXX_LANGUAGE_STANDARD = "gnu++17";
				CLANG_ENABLE_MODULES = YES;
				CLANG_ENABLE_OBJC_ARC = YES;
				CLANG_ENABLE_OBJC_WEAK = YES;
				CLANG_WARN_BLOCK_CAPTURE_AUTORELEASING = YES;
				CLANG_WARN_BOOL_CONVERSION = YES;
				CLANG_WARN_COMMA = YES;
				CLANG_WARN_CONSTANT_CONVERSION = YES;
				CLANG_WARN_DEPRECATED_OBJC_IMPLEMENTATIONS = YES;
				CLANG_WARN_DIRECT_OBJC_ISA_USAGE = YES_ERROR;
				CLANG_WARN_DOCUMENTATION_COMMENTS = YES;
				CLANG_WARN_EMPTY_BODY = YES;
				CLANG_WARN_ENUM_CONVERSION = YES;
				CLANG_WARN_INFINITE_RECURSION = YES;
				CLANG_WARN_INT_CONVERSION = YES;
				CLANG_WARN_NON_LITERAL_NULL_CONVERSION = YES;
				CLANG_WARN_OBJC_IMPLICIT_RETAIN_SELF = YES;
				CLANG_WARN_OBJC_LITERAL_CONVERSION = YES;
				CLANG_WARN_OBJC_ROOT_CLASS = YES_ERROR;
				CLANG_WARN_QUOTED_INCLUDE_IN_FRAMEWORK_HEADER = YES;
				CLANG_WARN_RANGE_LOOP_ANALYSIS = YES;
				CLANG_WARN_STRICT_PROTOTYPES = YES;
				CLANG_WARN_SUSPICIOUS_MOVE = YES;
				CLANG_WARN_UNGUARDED_AVAILABILITY = YES_AGGRESSIVE;
				CLANG_WARN_UNREACHABLE_CODE = YES;
				CLANG_WARN__DUPLICATE_METHOD_MATCH = YES;
				COPY_PHASE_STRIP = NO;
				DEBUG_INFORMATION_FORMAT = "dwarf-with-dsym";
				ENABLE_NS_ASSERTIONS = NO;
				ENABLE_STRICT_OBJC_MSGSEND = YES;
				GCC_C_LANGUAGE_STANDARD = gnu11;
				GCC_NO_COMMON_BLOCKS = YES;
				GCC_WARN_64_TO_32_BIT_CONVERSION = YES;
				GCC_WARN_ABOUT_RETURN_TYPE = YES_ERROR;
				GCC_WARN_UNDECLARED_SELECTOR = YES;
				GCC_WARN_UNINITIALIZED_AUTOS = YES_AGGRESSIVE;
				GCC_WARN_UNUSED_FUNCTION = YES;
				GCC_WARN_UNUSED_VARIABLE = YES;
				IPHONEOS_DEPLOYMENT_TARGET = 15.5;
				MTL_ENABLE_DEBUG_INFO = NO;
				MTL_FAST_MATH = YES;
				SDKROOT = iphoneos;
				SWIFT_COMPILATION_MODE = wholemodule;
				SWIFT_OPTIMIZATION_LEVEL = "-O";
				VALIDATE_PRODUCT = YES;
			};
			name = Release;
		};
		977CA906291ED4CF00011787 /* Debug */ = {
			isa = XCBuildConfiguration;
			buildSettings = {
				ASSETCATALOG_COMPILER_APPICON_NAME = AppIcon;
				ASSETCATALOG_COMPILER_GLOBAL_ACCENT_COLOR_NAME = AccentColor;
				CODE_SIGN_STYLE = Automatic;
				CURRENT_PROJECT_VERSION = 1;
				DEVELOPMENT_ASSET_PATHS = "\"Landmarks/Preview Content\"";
				ENABLE_PREVIEWS = YES;
				GENERATE_INFOPLIST_FILE = YES;
				INFOPLIST_KEY_UIApplicationSceneManifest_Generation = YES;
				INFOPLIST_KEY_UIApplicationSupportsIndirectInputEvents = YES;
				INFOPLIST_KEY_UILaunchScreen_Generation = YES;
				INFOPLIST_KEY_UISupportedInterfaceOrientations_iPad = "UIInterfaceOrientationPortrait UIInterfaceOrientationPortraitUpsideDown UIInterfaceOrientationLandscapeLeft UIInterfaceOrientationLandscapeRight";
				INFOPLIST_KEY_UISupportedInterfaceOrientations_iPhone = "UIInterfaceOrientationPortrait UIInterfaceOrientationLandscapeLeft UIInterfaceOrientationLandscapeRight";
				LD_RUNPATH_SEARCH_PATHS = (
					"$(inherited)",
					"@executable_path/Frameworks",
				);
				MARKETING_VERSION = 1.0;
				PRODUCT_BUNDLE_IDENTIFIER = br.com.gabriel.Landmarks;
				PRODUCT_NAME = "$(TARGET_NAME)";
				SWIFT_EMIT_LOC_STRINGS = YES;
				SWIFT_VERSION = 5.0;
				TARGETED_DEVICE_FAMILY = "1,2";
			};
			name = Debug;
		};
		977CA907291ED4CF00011787 /* Release */ = {
			isa = XCBuildConfiguration;
			buildSettings = {
				ASSETCATALOG_COMPILER_APPICON_NAME = AppIcon;
				ASSETCATALOG_COMPILER_GLOBAL_ACCENT_COLOR_NAME = AccentColor;
				CODE_SIGN_STYLE = Automatic;
				CURRENT_PROJECT_VERSION = 1;
				DEVELOPMENT_ASSET_PATHS = "\"Landmarks/Preview Content\"";
				ENABLE_PREVIEWS = YES;
				GENERATE_INFOPLIST_FILE = YES;
				INFOPLIST_KEY_UIApplicationSceneManifest_Generation = YES;
				INFOPLIST_KEY_UIApplicationSupportsIndirectInputEvents = YES;
				INFOPLIST_KEY_UILaunchScreen_Generation = YES;
				INFOPLIST_KEY_UISupportedInterfaceOrientations_iPad = "UIInterfaceOrientationPortrait UIInterfaceOrientationPortraitUpsideDown UIInterfaceOrientationLandscapeLeft UIInterfaceOrientationLandscapeRight";
				INFOPLIST_KEY_UISupportedInterfaceOrientations_iPhone = "UIInterfaceOrientationPortrait UIInterfaceOrientationLandscapeLeft UIInterfaceOrientationLandscapeRight";
				LD_RUNPATH_SEARCH_PATHS = (
					"$(inherited)",
					"@executable_path/Frameworks",
				);
				MARKETING_VERSION = 1.0;
				PRODUCT_BUNDLE_IDENTIFIER = br.com.gabriel.Landmarks;
				PRODUCT_NAME = "$(TARGET_NAME)";
				SWIFT_EMIT_LOC_STRINGS = YES;
				SWIFT_VERSION = 5.0;
				TARGETED_DEVICE_FAMILY = "1,2";
			};
			name = Release;
		};
		977CA909291ED4CF00011787 /* Debug */ = {
			isa = XCBuildConfiguration;
			buildSettings = {
				ALWAYS_EMBED_SWIFT_STANDARD_LIBRARIES = YES;
				BUNDLE_LOADER = "$(TEST_HOST)";
				CODE_SIGN_STYLE = Automatic;
				CURRENT_PROJECT_VERSION = 1;
				GENERATE_INFOPLIST_FILE = YES;
				IPHONEOS_DEPLOYMENT_TARGET = 15.5;
				MARKETING_VERSION = 1.0;
				PRODUCT_BUNDLE_IDENTIFIER = br.com.gabriel.LandmarksTests;
				PRODUCT_NAME = "$(TARGET_NAME)";
				SWIFT_EMIT_LOC_STRINGS = NO;
				SWIFT_VERSION = 5.0;
				TARGETED_DEVICE_FAMILY = "1,2";
				TEST_HOST = "$(BUILT_PRODUCTS_DIR)/Landmarks.app/Landmarks";
			};
			name = Debug;
		};
		977CA90A291ED4CF00011787 /* Release */ = {
			isa = XCBuildConfiguration;
			buildSettings = {
				ALWAYS_EMBED_SWIFT_STANDARD_LIBRARIES = YES;
				BUNDLE_LOADER = "$(TEST_HOST)";
				CODE_SIGN_STYLE = Automatic;
				CURRENT_PROJECT_VERSION = 1;
				GENERATE_INFOPLIST_FILE = YES;
				IPHONEOS_DEPLOYMENT_TARGET = 15.5;
				MARKETING_VERSION = 1.0;
				PRODUCT_BUNDLE_IDENTIFIER = br.com.gabriel.LandmarksTests;
				PRODUCT_NAME = "$(TARGET_NAME)";
				SWIFT_EMIT_LOC_STRINGS = NO;
				SWIFT_VERSION = 5.0;
				TARGETED_DEVICE_FAMILY = "1,2";
				TEST_HOST = "$(BUILT_PRODUCTS_DIR)/Landmarks.app/Landmarks";
			};
			name = Release;
		};
		977CA90C291ED4CF00011787 /* Debug */ = {
			isa = XCBuildConfiguration;
			buildSettings = {
				ALWAYS_EMBED_SWIFT_STANDARD_LIBRARIES = YES;
				CODE_SIGN_STYLE = Automatic;
				CURRENT_PROJECT_VERSION = 1;
				GENERATE_INFOPLIST_FILE = YES;
				MARKETING_VERSION = 1.0;
				PRODUCT_BUNDLE_IDENTIFIER = br.com.gabriel.LandmarksUITests;
				PRODUCT_NAME = "$(TARGET_NAME)";
				SWIFT_EMIT_LOC_STRINGS = NO;
				SWIFT_VERSION = 5.0;
				TARGETED_DEVICE_FAMILY = "1,2";
				TEST_TARGET_NAME = Landmarks;
			};
			name = Debug;
		};
		977CA90D291ED4CF00011787 /* Release */ = {
			isa = XCBuildConfiguration;
			buildSettings = {
				ALWAYS_EMBED_SWIFT_STANDARD_LIBRARIES = YES;
				CODE_SIGN_STYLE = Automatic;
				CURRENT_PROJECT_VERSION = 1;
				GENERATE_INFOPLIST_FILE = YES;
				MARKETING_VERSION = 1.0;
				PRODUCT_BUNDLE_IDENTIFIER = br.com.gabriel.LandmarksUITests;
				PRODUCT_NAME = "$(TARGET_NAME)";
				SWIFT_EMIT_LOC_STRINGS = NO;
				SWIFT_VERSION = 5.0;
				TARGETED_DEVICE_FAMILY = "1,2";
				TEST_TARGET_NAME = Landmarks;
			};
			name = Release;
		};
/* End XCBuildConfiguration section */

/* Begin XCConfigurationList section */
		977CA8DC291ED4CC00011787 /* Build configuration list for PBXProject "Landmarks" */ = {
			isa = XCConfigurationList;
			buildConfigurations = (
				977CA903291ED4CF00011787 /* Debug */,
				977CA904291ED4CF00011787 /* Release */,
			);
			defaultConfigurationIsVisible = 0;
			defaultConfigurationName = Release;
		};
		977CA905291ED4CF00011787 /* Build configuration list for PBXNativeTarget "Landmarks" */ = {
			isa = XCConfigurationList;
			buildConfigurations = (
				977CA906291ED4CF00011787 /* Debug */,
				977CA907291ED4CF00011787 /* Release */,
			);
			defaultConfigurationIsVisible = 0;
			defaultConfigurationName = Release;
		};
		977CA908291ED4CF00011787 /* Build configuration list for PBXNativeTarget "LandmarksTests" */ = {
			isa = XCConfigurationList;
			buildConfigurations = (
				977CA909291ED4CF00011787 /* Debug */,
				977CA90A291ED4CF00011787 /* Release */,
			);
			defaultConfigurationIsVisible = 0;
			defaultConfigurationName = Release;
		};
		977CA90B291ED4CF00011787 /* Build configuration list for PBXNativeTarget "LandmarksUITests" */ = {
			isa = XCConfigurationList;
			buildConfigurations = (
				977CA90C291ED4CF00011787 /* Debug */,
				977CA90D291ED4CF00011787 /* Release */,
			);
			defaultConfigurationIsVisible = 0;
			defaultConfigurationName = Release;
		};
/* End XCConfigurationList section */
	};
	rootObject = 977CA8D9291ED4CC00011787 /* Project object */;
}
